
Microsoft Visual Studio Solution File, Format Version 12.00
# Visual Studio Version 16
VisualStudioVersion = 16.0.31321.278
MinimumVisualStudioVersion = 10.0.40219.1
Project("{FAE04EC0-301F-11D3-BF4B-00C04F79EFBC}") = "ventana de loggin", "ventana de loggin.csproj", "{12CC3FF2-46EA-485E-BBFD-7F7DB6995A16}"
EndProject
Global
	GlobalSection(SolutionConfigurationPlatforms) = preSolution
		Debug|Any CPU = Debug|Any CPU
		Release|Any CPU = Release|Any CPU
	EndGlobalSection
	GlobalSection(ProjectConfigurationPlatforms) = postSolution
		{12CC3FF2-46EA-485E-BBFD-7F7DB6995A16}.Debug|Any CPU.ActiveCfg = Debug|Any CPU
		{12CC3FF2-46EA-485E-BBFD-7F7DB6995A16}.Debug|Any CPU.Build.0 = Debug|Any CPU
		{12CC3FF2-46EA-485E-BBFD-7F7DB6995A16}.Release|Any CPU.ActiveCfg = Release|Any CPU
		{12CC3FF2-46EA-485E-BBFD-7F7DB6995A16}.Release|Any CPU.Build.0 = Release|Any CPU
	EndGlobalSection
	GlobalSection(SolutionProperties) = preSolution
		HideSolutionNode = FALSE
	EndGlobalSection
	GlobalSection(ExtensibilityGlobals) = postSolution
		SolutionGuid = {99D63C5C-8638-40F8-81DD-2C5EAEC47345}
	EndGlobalSection
EndGlobal
